// !$*UTF8*$!
{
	archiveVersion = 1;
	classes = {
	};
	objectVersion = 48;
	objects = {

/* Begin PBXBuildFile section */
		047A42D12069B8AE00B0AD21 /* AppDelegate.swift in Sources */ = {isa = PBXBuildFile; fileRef = 047A42D02069B8AE00B0AD21 /* AppDelegate.swift */; };
		047A42D32069B8AE00B0AD21 /* ViewController.swift in Sources */ = {isa = PBXBuildFile; fileRef = 047A42D22069B8AE00B0AD21 /* ViewController.swift */; };
		047A42D62069B8AE00B0AD21 /* Main.storyboard in Resources */ = {isa = PBXBuildFile; fileRef = 047A42D42069B8AE00B0AD21 /* Main.storyboard */; };
		047A42D82069B8AE00B0AD21 /* Assets.xcassets in Resources */ = {isa = PBXBuildFile; fileRef = 047A42D72069B8AE00B0AD21 /* Assets.xcassets */; };
		047A42DB2069B8AE00B0AD21 /* LaunchScreen.storyboard in Resources */ = {isa = PBXBuildFile; fileRef = 047A42D92069B8AE00B0AD21 /* LaunchScreen.storyboard */; };
/* End PBXBuildFile section */

/* Begin PBXFileReference section */
		047A42CD2069B8AE00B0AD21 /* iOS Experiement 8 - Date Display.app */ = {isa = PBXFileReference; explicitFileType = wrapper.application; includeInIndex = 0; path = "iOS Experiement 8 - Date Display.app"; sourceTree = BUILT_PRODUCTS_DIR; };
		047A42D02069B8AE00B0AD21 /* AppDelegate.swift */ = {isa = PBXFileReference; lastKnownFileType = sourcecode.swift; path = AppDelegate.swift; sourceTree = "<group>"; };
		047A42D22069B8AE00B0AD21 /* ViewController.swift */ = {isa = PBXFileReference; lastKnownFileType = sourcecode.swift; path = ViewController.swift; sourceTree = "<group>"; };
		047A42D52069B8AE00B0AD21 /* Base */ = {isa = PBXFileReference; lastKnownFileType = file.storyboard; name = Base; path = Base.lproj/Main.storyboard; sourceTree = "<group>"; };
		047A42D72069B8AE00B0AD21 /* Assets.xcassets */ = {isa = PBXFileReference; lastKnownFileType = folder.assetcatalog; path = Assets.xcassets; sourceTree = "<group>"; };
		047A42DA2069B8AE00B0AD21 /* Base */ = {isa = PBXFileReference; lastKnownFileType = file.storyboard; name = Base; path = Base.lproj/LaunchScreen.storyboard; sourceTree = "<group>"; };
		047A42DC2069B8AE00B0AD21 /* Info.plist */ = {isa = PBXFileReference; lastKnownFileType = text.plist.xml; path = Info.plist; sourceTree = "<group>"; };
/* End PBXFileReference section */

/* Begin PBXFrameworksBuildPhase section */
		047A42CA2069B8AE00B0AD21 /* Frameworks */ = {
			isa = PBXFrameworksBuildPhase;
			buildActionMask = 2147483647;
			files = (
			);
			runOnlyForDeploymentPostprocessing = 0;
		};
/* End PBXFrameworksBuildPhase section */

/* Begin PBXGroup section */
		047A42C42069B8AE00B0AD21 = {
			isa = PBXGroup;
			children = (
				047A42CF2069B8AE00B0AD21 /* iOS Experiement 8 - Date Display */,
				047A42CE2069B8AE00B0AD21 /* Products */,
			);
			sourceTree = "<group>";
		};
		047A42CE2069B8AE00B0AD21 /* Products */ = {
			isa = PBXGroup;
			children = (
				047A42CD2069B8AE00B0AD21 /* iOS Experiement 8 - Date Display.app */,
			);
			name = Products;
			sourceTree = "<group>";
		};
		047A42CF2069B8AE00B0AD21 /* iOS Experiement 8 - Date Display */ = {
			isa = PBXGroup;
			children = (
				047A42D02069B8AE00B0AD21 /* AppDelegate.swift */,
				047A42D22069B8AE00B0AD21 /* ViewController.swift */,
				047A42D42069B8AE00B0AD21 /* Main.storyboard */,
				047A42D72069B8AE00B0AD21 /* Assets.xcassets */,
				047A42D92069B8AE00B0AD21 /* LaunchScreen.storyboard */,
				047A42DC2069B8AE00B0AD21 /* Info.plist */,
			);
			path = "iOS Experiement 8 - Date Display";
			sourceTree = "<group>";
		};
/* End PBXGroup section */

/* Begin PBXNativeTarget section */
		047A42CC2069B8AE00B0AD21 /* iOS Experiement 8 - Date Display */ = {
			isa = PBXNativeTarget;
			buildConfigurationList = 047A42DF2069B8AE00B0AD21 /* Build configuration list for PBXNativeTarget "iOS Experiement 8 - Date Display" */;
			buildPhases = (
				047A42C92069B8AE00B0AD21 /* Sources */,
				047A42CA2069B8AE00B0AD21 /* Frameworks */,
				047A42CB2069B8AE00B0AD21 /* Resources */,
			);
			buildRules = (
			);
			dependencies = (
			);
			name = "iOS Experiement 8 - Date Display";
			productName = "iOS Experiement 8 - Date Display";
			productReference = 047A42CD2069B8AE00B0AD21 /* iOS Experiement 8 - Date Display.app */;
			productType = "com.apple.product-type.application";
		};
/* End PBXNativeTarget section */

/* Begin PBXProject section */
		047A42C52069B8AE00B0AD21 /* Project object */ = {
			isa = PBXProject;
			attributes = {
				LastSwiftUpdateCheck = 0920;
				LastUpgradeCheck = 0920;
				ORGANIZATIONNAME = mac;
				TargetAttributes = {
					047A42CC2069B8AE00B0AD21 = {
						CreatedOnToolsVersion = 9.2;
						ProvisioningStyle = Automatic;
					};
				};
			};
			buildConfigurationList = 047A42C82069B8AE00B0AD21 /* Build configuration list for PBXProject "iOS Experiement 8 - Date Display" */;
			compatibilityVersion = "Xcode 8.0";
			developmentRegion = en;
			hasScannedForEncodings = 0;
			knownRegions = (
				en,
				Base,
			);
			mainGroup = 047A42C42069B8AE00B0AD21;
			productRefGroup = 047A42CE2069B8AE00B0AD21 /* Products */;
			projectDirPath = "";
			projectRoot = "";
			targets = (
				047A42CC2069B8AE00B0AD21 /* iOS Experiement 8 - Date Display */,
			);
		};
/* End PBXProject section */

/* Begin PBXResourcesBuildPhase section */
		047A42CB2069B8AE00B0AD21 /* Resources */ = {
			isa = PBXResourcesBuildPhase;
			buildActionMask = 2147483647;
			files = (
				047A42DB2069B8AE00B0AD21 /* LaunchScreen.storyboard in Resources */,
				047A42D82069B8AE00B0AD21 /* Assets.xcassets in Resources */,
				047A42D62069B8AE00B0AD21 /* Main.storyboard in Resources */,
			);
			runOnlyForDeploymentPostprocessing = 0;
		};
/* End PBXResourcesBuildPhase section */

/* Begin PBXSourcesBuildPhase section */
		047A42C92069B8AE00B0AD21 /* Sources */ = {
			isa = PBXSourcesBuildPhase;
			buildActionMask = 2147483647;
			files = (
				047A42D32069B8AE00B0AD21 /* ViewController.swift in Sources */,
				047A42D12069B8AE00B0AD21 /* AppDelegate.swift in Sources */,
			);
			runOnlyForDeploymentPostprocessing = 0;
		};
/* End PBXSourcesBuildPhase section */

/* Begin PBXVariantGroup section */
		047A42D42069B8AE00B0AD21 /* Main.storyboard */ = {
			isa = PBXVariantGroup;
			children = (
				047A42D52069B8AE00B0AD21 /* Base */,
			);
			name = Main.storyboard;
			sourceTree = "<group>";
		};
		047A42D92069B8AE00B0AD21 /* LaunchScreen.storyboard */ = {
			isa = PBXVariantGroup;
			children = (
				047A42DA2069B8AE00B0AD21 /* Base */,
			);
			name = LaunchScreen.storyboard;
			sourceTree = "<group>";
		};
/* End PBXVariantGroup section */

/* Begin XCBuildConfiguration section */
		047A42DD2069B8AE00B0AD21 /* Debug */ = {
			isa = XCBuildConfiguration;
			buildSettings = {
				ALWAYS_SEARCH_USER_PATHS = NO;
				CLANG_ANALYZER_NONNULL = YES;
				CLANG_ANALYZER_NUMBER_OBJECT_CONVERSION = YES_AGGRESSIVE;
				CLANG_CXX_LANGUAGE_STANDARD = "gnu++14";
				CLANG_CXX_LIBRARY = "libc++";
				CLANG_ENABLE_MODULES = YES;
				CLANG_ENABLE_OBJC_ARC = YES;
				CLANG_WARN_BLOCK_CAPTURE_AUTORELEASING = YES;
				CLANG_WARN_BOOL_CONVERSION = YES;
				CLANG_WARN_COMMA = YES;
				CLANG_WARN_CONSTANT_CONVERSION = YES;
				CLANG_WARN_DIRECT_OBJC_ISA_USAGE = YES_ERROR;
				CLANG_WARN_DOCUMENTATION_COMMENTS = YES;
				CLANG_WARN_EMPTY_BODY = YES;
				CLANG_WARN_ENUM_CONVERSION = YES;
				CLANG_WARN_INFINITE_RECURSION = YES;
				CLANG_WARN_INT_CONVERSION = YES;
				CLANG_WARN_NON_LITERAL_NULL_CONVERSION = YES;
				CLANG_WARN_OBJC_LITERAL_CONVERSION = YES;
				CLANG_WARN_OBJC_ROOT_CLASS = YES_ERROR;
				CLANG_WARN_RANGE_LOOP_ANALYSIS = YES;
				CLANG_WARN_STRICT_PROTOTYPES = YES;
				CLANG_WARN_SUSPICIOUS_MOVE = YES;
				CLANG_WARN_UNGUARDED_AVAILABILITY = YES_AGGRESSIVE;
				CLANG_WARN_UNREACHABLE_CODE = YES;
				CLANG_WARN__DUPLICATE_METHOD_MATCH = YES;
				CODE_SIGN_IDENTITY = "iPhone Developer";
				COPY_PHASE_STRIP = NO;
				DEBUG_INFORMATION_FORMAT = dwarf;
				ENABLE_STRICT_OBJC_MSGSEND = YES;
				ENABLE_TESTABILITY = YES;
				GCC_C_LANGUAGE_STANDARD = gnu11;
				GCC_DYNAMIC_NO_PIC = NO;
				GCC_NO_COMMON_BLOCKS = YES;
				GCC_OPTIMIZATION_LEVEL = 0;
				GCC_PREPROCESSOR_DEFINITIONS = (
					"DEBUG=1",
					"$(inherited)",
				);
				GCC_WARN_64_TO_32_BIT_CONVERSION = YES;
				GCC_WARN_ABOUT_RETURN_TYPE = YES_ERROR;
				GCC_WARN_UNDECLARED_SELECTOR = YES;
				GCC_WARN_UNINITIALIZED_AUTOS = YES_AGGRESSIVE;
				GCC_WARN_UNUSED_FUNCTION = YES;
				GCC_WARN_UNUSED_VARIABLE = YES;
				IPHONEOS_DEPLOYMENT_TARGET = 11.2;
				MTL_ENABLE_DEBUG_INFO = YES;
				ONLY_ACTIVE_ARCH = YES;
				SDKROOT = iphoneos;
				SWIFT_ACTIVE_COMPILATION_CONDITIONS = DEBUG;
				SWIFT_OPTIMIZATION_LEVEL = "-Onone";
			};
			name = Debug;
		};
		047A42DE2069B8AE00B0AD21 /* Release */ = {
			isa = XCBuildConfiguration;
			buildSettings = {
				ALWAYS_SEARCH_USER_PATHS = NO;
				CLANG_ANALYZER_NONNULL = YES;
				CLANG_ANALYZER_NUMBER_OBJECT_CONVERSION = YES_AGGRESSIVE;
				CLANG_CXX_LANGUAGE_STANDARD = "gnu++14";
				CLANG_CXX_LIBRARY = "libc++";
				CLANG_ENABLE_MODULES = YES;
				CLANG_ENABLE_OBJC_ARC = YES;
				CLANG_WARN_BLOCK_CAPTURE_AUTORELEASING = YES;
				CLANG_WARN_BOOL_CONVERSION = YES;
				CLANG_WARN_COMMA = YES;
				CLANG_WARN_CONSTANT_CONVERSION = YES;
				CLANG_WARN_DIRECT_OBJC_ISA_USAGE = YES_ERROR;
				CLANG_WARN_DOCUMENTATION_COMMENTS = YES;
				CLANG_WARN_EMPTY_BODY = YES;
				CLANG_WARN_ENUM_CONVERSION = YES;
				CLANG_WARN_INFINITE_RECURSION = YES;
				CLANG_WARN_INT_CONVERSION = YES;
				CLANG_WARN_NON_LITERAL_NULL_CONVERSION = YES;
				CLANG_WARN_OBJC_LITERAL_CONVERSION = YES;
				CLANG_WARN_OBJC_ROOT_CLASS = YES_ERROR;
				CLANG_WARN_RANGE_LOOP_ANALYSIS = YES;
				CLANG_WARN_STRICT_PROTOTYPES = YES;
				CLANG_WARN_SUSPICIOUS_MOVE = YES;
				CLANG_WARN_UNGUARDED_AVAILABILITY = YES_AGGRESSIVE;
				CLANG_WARN_UNREACHABLE_CODE = YES;
				CLANG_WARN__DUPLICATE_METHOD_MATCH = YES;
				CODE_SIGN_IDENTITY = "iPhone Developer";
				COPY_PHASE_STRIP = NO;
				DEBUG_INFORMATION_FORMAT = "dwarf-with-dsym";
				ENABLE_NS_ASSERTIONS = NO;
				ENABLE_STRICT_OBJC_MSGSEND = YES;
				GCC_C_LANGUAGE_STANDARD = gnu11;
				GCC_NO_COMMON_BLOCKS = YES;
				GCC_WARN_64_TO_32_BIT_CONVERSION = YES;
				GCC_WARN_ABOUT_RETURN_TYPE = YES_ERROR;
				GCC_WARN_UNDECLARED_SELECTOR = YES;
				GCC_WARN_UNINITIALIZED_AUTOS = YES_AGGRESSIVE;
				GCC_WARN_UNUSED_FUNCTION = YES;
				GCC_WARN_UNUSED_VARIABLE = YES;
				IPHONEOS_DEPLOYMENT_TARGET = 11.2;
				MTL_ENABLE_DEBUG_INFO = NO;
				SDKROOT = iphoneos;
				SWIFT_OPTIMIZATION_LEVEL = "-Owholemodule";
				VALIDATE_PRODUCT = YES;
			};
			name = Release;
		};
		047A42E02069B8AE00B0AD21 /* Debug */ = {
			isa = XCBuildConfiguration;
			buildSettings = {
				ASSETCATALOG_COMPILER_APPICON_NAME = AppIcon;
				CODE_SIGN_STYLE = Automatic;
				INFOPLIST_FILE = "iOS Experiement 8 - Date Display/Info.plist";
				LD_RUNPATH_SEARCH_PATHS = "$(inherited) @executable_path/Frameworks";
				PRODUCT_BUNDLE_IDENTIFIER = "Bryant.iOS-Experiement-8---Date-Display";
				PRODUCT_NAME = "$(TARGET_NAME)";
				SWIFT_VERSION = 4.0;
				TARGETED_DEVICE_FAMILY = "1,2";
			};
			name = Debug;
		};
		047A42E12069B8AE00B0AD21 /* Release */ = {
			isa = XCBuildConfiguration;
			buildSettings = {
				ASSETCATALOG_COMPILER_APPICON_NAME = AppIcon;
				CODE_SIGN_STYLE = Automatic;
				INFOPLIST_FILE = "iOS Experiement 8 - Date Display/Info.plist";
				LD_RUNPATH_SEARCH_PATHS = "$(inherited) @executable_path/Frameworks";
				PRODUCT_BUNDLE_IDENTIFIER = "Bryant.iOS-Experiement-8---Date-Display";
				PRODUCT_NAME = "$(TARGET_NAME)";
				SWIFT_VERSION = 4.0;
				TARGETED_DEVICE_FAMILY = "1,2";
			};
			name = Release;
		};
/* End XCBuildConfiguration section */

/* Begin XCConfigurationList section */
		047A42C82069B8AE00B0AD21 /* Build configuration list for PBXProject "iOS Experiement 8 - Date Display" */ = {
			isa = XCConfigurationList;
			buildConfigurations = (
				047A42DD2069B8AE00B0AD21 /* Debug */,
				047A42DE2069B8AE00B0AD21 /* Release */,
			);
			defaultConfigurationIsVisible = 0;
			defaultConfigurationName = Release;
		};
		047A42DF2069B8AE00B0AD21 /* Build configuration list for PBXNativeTarget "iOS Experiement 8 - Date Display" */ = {
			isa = XCConfigurationList;
			buildConfigurations = (
				047A42E02069B8AE00B0AD21 /* Debug */,
				047A42E12069B8AE00B0AD21 /* Release */,
			);
			defaultConfigurationIsVisible = 0;
			defaultConfigurationName = Release;
		};
/* End XCConfigurationList section */
	};
	rootObject = 047A42C52069B8AE00B0AD21 /* Project object */;
}
